
Microsoft Visual Studio Solution File, Format Version 12.00
# Visual Studio Version 17
VisualStudioVersion = 17.10.35013.160
MinimumVisualStudioVersion = 10.0.40219.1
Project("{FAE04EC0-301F-11D3-BF4B-00C04F79EFBC}") = "8", "8\8.csproj", "{DDBF39CC-082A-4A32-82FD-CD53F0D00D1F}"
EndProject
Global
	GlobalSection(SolutionConfigurationPlatforms) = preSolution
		Debug|Any CPU = Debug|Any CPU
		Release|Any CPU = Release|Any CPU
	EndGlobalSection
	GlobalSection(ProjectConfigurationPlatforms) = postSolution
		{DDBF39CC-082A-4A32-82FD-CD53F0D00D1F}.Debug|Any CPU.ActiveCfg = Debug|Any CPU
		{DDBF39CC-082A-4A32-82FD-CD53F0D00D1F}.Debug|Any CPU.Build.0 = Debug|Any CPU
		{DDBF39CC-082A-4A32-82FD-CD53F0D00D1F}.Release|Any CPU.ActiveCfg = Release|Any CPU
		{DDBF39CC-082A-4A32-82FD-CD53F0D00D1F}.Release|Any CPU.Build.0 = Release|Any CPU
	EndGlobalSection
	GlobalSection(SolutionProperties) = preSolution
		HideSolutionNode = FALSE
	EndGlobalSection
	GlobalSection(ExtensibilityGlobals) = postSolution
		SolutionGuid = {E4C3C8FE-EF3C-49FA-937C-A03A2903191F}
	EndGlobalSection
EndGlobal
